
Microsoft Visual Studio Solution File, Format Version 12.00
# Visual Studio Version 17
VisualStudioVersion = 17.7.34221.43
MinimumVisualStudioVersion = 10.0.40219.1
Project("{FAE04EC0-301F-11D3-BF4B-00C04F79EFBC}") = "Uygulama10_11", "Uygulama10_11\Uygulama10_11.csproj", "{0BE70BCF-1133-461E-A0E7-D63C318FE9CB}"
EndProject
Global
	GlobalSection(SolutionConfigurationPlatforms) = preSolution
		Debug|Any CPU = Debug|Any CPU
		Release|Any CPU = Release|Any CPU
	EndGlobalSection
	GlobalSection(ProjectConfigurationPlatforms) = postSolution
		{0BE70BCF-1133-461E-A0E7-D63C318FE9CB}.Debug|Any CPU.ActiveCfg = Debug|Any CPU
		{0BE70BCF-1133-461E-A0E7-D63C318FE9CB}.Debug|Any CPU.Build.0 = Debug|Any CPU
		{0BE70BCF-1133-461E-A0E7-D63C318FE9CB}.Release|Any CPU.ActiveCfg = Release|Any CPU
		{0BE70BCF-1133-461E-A0E7-D63C318FE9CB}.Release|Any CPU.Build.0 = Release|Any CPU
	EndGlobalSection
	GlobalSection(SolutionProperties) = preSolution
		HideSolutionNode = FALSE
	EndGlobalSection
	GlobalSection(ExtensibilityGlobals) = postSolution
		SolutionGuid = {F7372953-A3E8-4DF2-B042-C24015321BF8}
	EndGlobalSection
EndGlobal
